
Microsoft Visual Studio Solution File, Format Version 12.00
Project("{FAE04EC0-301F-11D3-BF4B-00C04F79EFBC}") = "CubeRun", "CubeRun\CubeRun.csproj", "{5D23BD7F-E586-4871-BF0A-8166E3BE2D76}"
EndProject
Global
	GlobalSection(SolutionConfigurationPlatforms) = preSolution
		Debug|Any CPU = Debug|Any CPU
		Release|Any CPU = Release|Any CPU
	EndGlobalSection
	GlobalSection(ProjectConfigurationPlatforms) = postSolution
		{5D23BD7F-E586-4871-BF0A-8166E3BE2D76}.Debug|Any CPU.ActiveCfg = Debug|Any CPU
		{5D23BD7F-E586-4871-BF0A-8166E3BE2D76}.Debug|Any CPU.Build.0 = Debug|Any CPU
		{5D23BD7F-E586-4871-BF0A-8166E3BE2D76}.Release|Any CPU.ActiveCfg = Release|Any CPU
		{5D23BD7F-E586-4871-BF0A-8166E3BE2D76}.Release|Any CPU.Build.0 = Release|Any CPU
	EndGlobalSection
EndGlobal
